
Microsoft Visual Studio Solution File, Format Version 12.00
# Visual Studio 15
VisualStudioVersion = 15.0.28307.779
MinimumVisualStudioVersion = 10.0.40219.1
Project("{9A19103F-16F7-4668-BE54-9A1E7A4F7556}") = "EmployeeManagement", "EmployeeManagement\EmployeeManagement.csproj", "{BCC627EA-095F-4DFD-8289-FE11864289EF}"
EndProject
Global
	GlobalSection(SolutionConfigurationPlatforms) = preSolution
		Debug|Any CPU = Debug|Any CPU
		Release|Any CPU = Release|Any CPU
	EndGlobalSection
	GlobalSection(ProjectConfigurationPlatforms) = postSolution
		{BCC627EA-095F-4DFD-8289-FE11864289EF}.Debug|Any CPU.ActiveCfg = Debug|Any CPU
		{BCC627EA-095F-4DFD-8289-FE11864289EF}.Debug|Any CPU.Build.0 = Debug|Any CPU
		{BCC627EA-095F-4DFD-8289-FE11864289EF}.Release|Any CPU.ActiveCfg = Release|Any CPU
		{BCC627EA-095F-4DFD-8289-FE11864289EF}.Release|Any CPU.Build.0 = Release|Any CPU
	EndGlobalSection
	GlobalSection(SolutionProperties) = preSolution
		HideSolutionNode = FALSE
	EndGlobalSection
	GlobalSection(ExtensibilityGlobals) = postSolution
		SolutionGuid = {F6081C7B-7E4D-4A39-AC3F-3E27A6CF7B04}
	EndGlobalSection
EndGlobal
